
Microsoft Visual Studio Solution File, Format Version 12.00
# Visual Studio 15
VisualStudioVersion = 15.0.27004.2010
MinimumVisualStudioVersion = 10.0.40219.1
Project("{FAE04EC0-301F-11D3-BF4B-00C04F79EFBC}") = "MyTestAp", "MyTestAp\MyTestAp.csproj", "{F4F94FF1-C201-49AA-80F8-2B5A795F1844}"
EndProject
Global
	GlobalSection(SolutionConfigurationPlatforms) = preSolution
		Debug|Any CPU = Debug|Any CPU
		Release|Any CPU = Release|Any CPU
	EndGlobalSection
	GlobalSection(ProjectConfigurationPlatforms) = postSolution
		{F4F94FF1-C201-49AA-80F8-2B5A795F1844}.Debug|Any CPU.ActiveCfg = Debug|Any CPU
		{F4F94FF1-C201-49AA-80F8-2B5A795F1844}.Debug|Any CPU.Build.0 = Debug|Any CPU
		{F4F94FF1-C201-49AA-80F8-2B5A795F1844}.Release|Any CPU.ActiveCfg = Release|Any CPU
		{F4F94FF1-C201-49AA-80F8-2B5A795F1844}.Release|Any CPU.Build.0 = Release|Any CPU
	EndGlobalSection
	GlobalSection(SolutionProperties) = preSolution
		HideSolutionNode = FALSE
	EndGlobalSection
	GlobalSection(ExtensibilityGlobals) = postSolution
		SolutionGuid = {0D4FB6F9-C242-4A9F-B877-E2630B49C692}
	EndGlobalSection
EndGlobal
